
Microsoft Visual Studio Solution File, Format Version 12.00
# Visual Studio Version 17
VisualStudioVersion = 17.6.33815.320
MinimumVisualStudioVersion = 10.0.40219.1
Project("{888888A0-9F3D-457C-B088-3A5042F75D52}") = "ECS-Discord-Bot", "ECS-Discord-Bot\ECS-Discord-Bot.pyproj", "{B3637019-FF2B-48BE-B24D-E5FBFC4CD5E7}"
EndProject
Global
	GlobalSection(SolutionConfigurationPlatforms) = preSolution
		Debug|Any CPU = Debug|Any CPU
		Release|Any CPU = Release|Any CPU
	EndGlobalSection
	GlobalSection(ProjectConfigurationPlatforms) = postSolution
		{B3637019-FF2B-48BE-B24D-E5FBFC4CD5E7}.Debug|Any CPU.ActiveCfg = Debug|Any CPU
		{B3637019-FF2B-48BE-B24D-E5FBFC4CD5E7}.Release|Any CPU.ActiveCfg = Release|Any CPU
	EndGlobalSection
	GlobalSection(SolutionProperties) = preSolution
		HideSolutionNode = FALSE
	EndGlobalSection
	GlobalSection(ExtensibilityGlobals) = postSolution
		SolutionGuid = {6274C09C-B804-472B-ACA4-72D354EE7DC0}
	EndGlobalSection
EndGlobal
